
Microsoft Visual Studio Solution File, Format Version 12.00
# Visual Studio Version 17
VisualStudioVersion = 17.5.33502.453
MinimumVisualStudioVersion = 10.0.40219.1
Project("{FAE04EC0-301F-11D3-BF4B-00C04F79EFBC}") = "EscalaApp", "EscalaApp.csproj", "{AB01DEB7-0912-400A-AAF8-219FDB2C3762}"
EndProject
Global
	GlobalSection(SolutionConfigurationPlatforms) = preSolution
		Debug|Any CPU = Debug|Any CPU
		Release|Any CPU = Release|Any CPU
	EndGlobalSection
	GlobalSection(ProjectConfigurationPlatforms) = postSolution
		{AB01DEB7-0912-400A-AAF8-219FDB2C3762}.Debug|Any CPU.ActiveCfg = Debug|Any CPU
		{AB01DEB7-0912-400A-AAF8-219FDB2C3762}.Debug|Any CPU.Build.0 = Debug|Any CPU
		{AB01DEB7-0912-400A-AAF8-219FDB2C3762}.Release|Any CPU.ActiveCfg = Release|Any CPU
		{AB01DEB7-0912-400A-AAF8-219FDB2C3762}.Release|Any CPU.Build.0 = Release|Any CPU
	EndGlobalSection
	GlobalSection(SolutionProperties) = preSolution
		HideSolutionNode = FALSE
	EndGlobalSection
	GlobalSection(ExtensibilityGlobals) = postSolution
		SolutionGuid = {18A0E08D-1D9E-43A7-95C8-506A770E48E4}
	EndGlobalSection
EndGlobal
